
Microsoft Visual Studio Solution File, Format Version 12.00
# Visual Studio Version 16
VisualStudioVersion = 16.6.30114.105
MinimumVisualStudioVersion = 10.0.40219.1
Project("{9A19103F-16F7-4668-BE54-9A1E7A4F7556}") = "SerdeGenerator", "src\generator\SerdeGenerator.csproj", "{7DB0C299-E0F4-410B-8D57-A0DFE779D3DC}"
EndProject
Project("{2150E333-8FDC-42A3-9474-1A3956D46DE8}") = "test", "test", "{278C5DCE-D96F-46AC-8865-622418F28A8D}"
EndProject
Project("{FAE04EC0-301F-11D3-BF4B-00C04F79EFBC}") = "Serde.Test", "test\Serde.Test\Serde.Test.csproj", "{9050E98E-E99C-4D0B-9110-2617C65C0B49}"
EndProject
Project("{FAE04EC0-301F-11D3-BF4B-00C04F79EFBC}") = "Serde.Xml.Test", "test\Serde.Xml.Test\Serde.Xml.Test.csproj", "{A5391F09-58A5-4E83-9EB1-755B9CEB1812}"
EndProject
Project("{2150E333-8FDC-42A3-9474-1A3956D46DE8}") = "src", "src", "{C29CDEE5-5D85-496E-8E43-27A474AF8AEB}"
EndProject
Project("{FAE04EC0-301F-11D3-BF4B-00C04F79EFBC}") = "Serde", "src\serde\Serde.csproj", "{2411C763-490C-4384-AD87-AD9643946F55}"
EndProject
Project("{FAE04EC0-301F-11D3-BF4B-00C04F79EFBC}") = "Serde.Generation.Test", "test\Serde.Generation.Test\Serde.Generation.Test.csproj", "{382F0F9B-7B6C-439A-96B4-BFCF433FB611}"
EndProject
Project("{2150E333-8FDC-42A3-9474-1A3956D46DE8}") = "perf", "perf", "{73D0A8B2-6EF0-4C84-9917-08A003FF0013}"
EndProject
Project("{FAE04EC0-301F-11D3-BF4B-00C04F79EFBC}") = "trace", "perf\trace\trace.csproj", "{EE25A330-0FC2-4273-A355-8B8A5FF47851}"
EndProject
Project("{FAE04EC0-301F-11D3-BF4B-00C04F79EFBC}") = "bench", "perf\bench\bench.csproj", "{906DE118-AC37-4203-BD9E-25C67F55AD28}"
EndProject
Project("{FAE04EC0-301F-11D3-BF4B-00C04F79EFBC}") = "Serde.Xml", "src\serde-xml\Serde.Xml.csproj", "{14FA7DDD-0FBB-4505-A928-B518629C1F15}"
EndProject
Global
	GlobalSection(SolutionConfigurationPlatforms) = preSolution
		Debug|Any CPU = Debug|Any CPU
		Debug|x64 = Debug|x64
		Debug|x86 = Debug|x86
		Release|Any CPU = Release|Any CPU
		Release|x64 = Release|x64
		Release|x86 = Release|x86
	EndGlobalSection
	GlobalSection(ProjectConfigurationPlatforms) = postSolution
		{7DB0C299-E0F4-410B-8D57-A0DFE779D3DC}.Debug|Any CPU.ActiveCfg = Debug|Any CPU
		{7DB0C299-E0F4-410B-8D57-A0DFE779D3DC}.Debug|Any CPU.Build.0 = Debug|Any CPU
		{7DB0C299-E0F4-410B-8D57-A0DFE779D3DC}.Debug|x64.ActiveCfg = Debug|Any CPU
		{7DB0C299-E0F4-410B-8D57-A0DFE779D3DC}.Debug|x64.Build.0 = Debug|Any CPU
		{7DB0C299-E0F4-410B-8D57-A0DFE779D3DC}.Debug|x86.ActiveCfg = Debug|Any CPU
		{7DB0C299-E0F4-410B-8D57-A0DFE779D3DC}.Debug|x86.Build.0 = Debug|Any CPU
		{7DB0C299-E0F4-410B-8D57-A0DFE779D3DC}.Release|Any CPU.ActiveCfg = Release|Any CPU
		{7DB0C299-E0F4-410B-8D57-A0DFE779D3DC}.Release|Any CPU.Build.0 = Release|Any CPU
		{7DB0C299-E0F4-410B-8D57-A0DFE779D3DC}.Release|x64.ActiveCfg = Release|Any CPU
		{7DB0C299-E0F4-410B-8D57-A0DFE779D3DC}.Release|x64.Build.0 = Release|Any CPU
		{7DB0C299-E0F4-410B-8D57-A0DFE779D3DC}.Release|x86.ActiveCfg = Release|Any CPU
		{7DB0C299-E0F4-410B-8D57-A0DFE779D3DC}.Release|x86.Build.0 = Release|Any CPU
		{9050E98E-E99C-4D0B-9110-2617C65C0B49}.Debug|Any CPU.ActiveCfg = Debug|Any CPU
		{9050E98E-E99C-4D0B-9110-2617C65C0B49}.Debug|Any CPU.Build.0 = Debug|Any CPU
		{9050E98E-E99C-4D0B-9110-2617C65C0B49}.Debug|x64.ActiveCfg = Debug|Any CPU
		{9050E98E-E99C-4D0B-9110-2617C65C0B49}.Debug|x64.Build.0 = Debug|Any CPU
		{9050E98E-E99C-4D0B-9110-2617C65C0B49}.Debug|x86.ActiveCfg = Debug|Any CPU
		{9050E98E-E99C-4D0B-9110-2617C65C0B49}.Debug|x86.Build.0 = Debug|Any CPU
		{9050E98E-E99C-4D0B-9110-2617C65C0B49}.Release|Any CPU.ActiveCfg = Release|Any CPU
		{9050E98E-E99C-4D0B-9110-2617C65C0B49}.Release|Any CPU.Build.0 = Release|Any CPU
		{9050E98E-E99C-4D0B-9110-2617C65C0B49}.Release|x64.ActiveCfg = Release|Any CPU
		{9050E98E-E99C-4D0B-9110-2617C65C0B49}.Release|x64.Build.0 = Release|Any CPU
		{9050E98E-E99C-4D0B-9110-2617C65C0B49}.Release|x86.ActiveCfg = Release|Any CPU
		{9050E98E-E99C-4D0B-9110-2617C65C0B49}.Release|x86.Build.0 = Release|Any CPU
		{A5391F09-58A5-4E83-9EB1-755B9CEB1812}.Debug|Any CPU.ActiveCfg = Debug|Any CPU
		{A5391F09-58A5-4E83-9EB1-755B9CEB1812}.Debug|Any CPU.Build.0 = Debug|Any CPU
		{A5391F09-58A5-4E83-9EB1-755B9CEB1812}.Debug|x64.ActiveCfg = Debug|Any CPU
		{A5391F09-58A5-4E83-9EB1-755B9CEB1812}.Debug|x64.Build.0 = Debug|Any CPU
		{A5391F09-58A5-4E83-9EB1-755B9CEB1812}.Debug|x86.ActiveCfg = Debug|Any CPU
		{A5391F09-58A5-4E83-9EB1-755B9CEB1812}.Debug|x86.Build.0 = Debug|Any CPU
		{A5391F09-58A5-4E83-9EB1-755B9CEB1812}.Release|Any CPU.ActiveCfg = Release|Any CPU
		{A5391F09-58A5-4E83-9EB1-755B9CEB1812}.Release|Any CPU.Build.0 = Release|Any CPU
		{A5391F09-58A5-4E83-9EB1-755B9CEB1812}.Release|x64.ActiveCfg = Release|Any CPU
		{A5391F09-58A5-4E83-9EB1-755B9CEB1812}.Release|x64.Build.0 = Release|Any CPU
		{A5391F09-58A5-4E83-9EB1-755B9CEB1812}.Release|x86.ActiveCfg = Release|Any CPU
		{A5391F09-58A5-4E83-9EB1-755B9CEB1812}.Release|x86.Build.0 = Release|Any CPU
		{2411C763-490C-4384-AD87-AD9643946F55}.Debug|Any CPU.ActiveCfg = Debug|Any CPU
		{2411C763-490C-4384-AD87-AD9643946F55}.Debug|Any CPU.Build.0 = Debug|Any CPU
		{2411C763-490C-4384-AD87-AD9643946F55}.Debug|x64.ActiveCfg = Debug|Any CPU
		{2411C763-490C-4384-AD87-AD9643946F55}.Debug|x64.Build.0 = Debug|Any CPU
		{2411C763-490C-4384-AD87-AD9643946F55}.Debug|x86.ActiveCfg = Debug|Any CPU
		{2411C763-490C-4384-AD87-AD9643946F55}.Debug|x86.Build.0 = Debug|Any CPU
		{2411C763-490C-4384-AD87-AD9643946F55}.Release|Any CPU.ActiveCfg = Release|Any CPU
		{2411C763-490C-4384-AD87-AD9643946F55}.Release|Any CPU.Build.0 = Release|Any CPU
		{2411C763-490C-4384-AD87-AD9643946F55}.Release|x64.ActiveCfg = Release|Any CPU
		{2411C763-490C-4384-AD87-AD9643946F55}.Release|x64.Build.0 = Release|Any CPU
		{2411C763-490C-4384-AD87-AD9643946F55}.Release|x86.ActiveCfg = Release|Any CPU
		{2411C763-490C-4384-AD87-AD9643946F55}.Release|x86.Build.0 = Release|Any CPU
		{382F0F9B-7B6C-439A-96B4-BFCF433FB611}.Debug|Any CPU.ActiveCfg = Debug|Any CPU
		{382F0F9B-7B6C-439A-96B4-BFCF433FB611}.Debug|Any CPU.Build.0 = Debug|Any CPU
		{382F0F9B-7B6C-439A-96B4-BFCF433FB611}.Debug|x64.ActiveCfg = Debug|Any CPU
		{382F0F9B-7B6C-439A-96B4-BFCF433FB611}.Debug|x64.Build.0 = Debug|Any CPU
		{382F0F9B-7B6C-439A-96B4-BFCF433FB611}.Debug|x86.ActiveCfg = Debug|Any CPU
		{382F0F9B-7B6C-439A-96B4-BFCF433FB611}.Debug|x86.Build.0 = Debug|Any CPU
		{382F0F9B-7B6C-439A-96B4-BFCF433FB611}.Release|Any CPU.ActiveCfg = Release|Any CPU
		{382F0F9B-7B6C-439A-96B4-BFCF433FB611}.Release|Any CPU.Build.0 = Release|Any CPU
		{382F0F9B-7B6C-439A-96B4-BFCF433FB611}.Release|x64.ActiveCfg = Release|Any CPU
		{382F0F9B-7B6C-439A-96B4-BFCF433FB611}.Release|x64.Build.0 = Release|Any CPU
		{382F0F9B-7B6C-439A-96B4-BFCF433FB611}.Release|x86.ActiveCfg = Release|Any CPU
		{382F0F9B-7B6C-439A-96B4-BFCF433FB611}.Release|x86.Build.0 = Release|Any CPU
		{EE25A330-0FC2-4273-A355-8B8A5FF47851}.Debug|Any CPU.ActiveCfg = Debug|Any CPU
		{EE25A330-0FC2-4273-A355-8B8A5FF47851}.Debug|Any CPU.Build.0 = Debug|Any CPU
		{EE25A330-0FC2-4273-A355-8B8A5FF47851}.Debug|x64.ActiveCfg = Debug|Any CPU
		{EE25A330-0FC2-4273-A355-8B8A5FF47851}.Debug|x64.Build.0 = Debug|Any CPU
		{EE25A330-0FC2-4273-A355-8B8A5FF47851}.Debug|x86.ActiveCfg = Debug|Any CPU
		{EE25A330-0FC2-4273-A355-8B8A5FF47851}.Debug|x86.Build.0 = Debug|Any CPU
		{EE25A330-0FC2-4273-A355-8B8A5FF47851}.Release|Any CPU.ActiveCfg = Release|Any CPU
		{EE25A330-0FC2-4273-A355-8B8A5FF47851}.Release|Any CPU.Build.0 = Release|Any CPU
		{EE25A330-0FC2-4273-A355-8B8A5FF47851}.Release|x64.ActiveCfg = Release|Any CPU
		{EE25A330-0FC2-4273-A355-8B8A5FF47851}.Release|x64.Build.0 = Release|Any CPU
		{EE25A330-0FC2-4273-A355-8B8A5FF47851}.Release|x86.ActiveCfg = Release|Any CPU
		{EE25A330-0FC2-4273-A355-8B8A5FF47851}.Release|x86.Build.0 = Release|Any CPU
		{906DE118-AC37-4203-BD9E-25C67F55AD28}.Debug|Any CPU.ActiveCfg = Debug|Any CPU
		{906DE118-AC37-4203-BD9E-25C67F55AD28}.Debug|Any CPU.Build.0 = Debug|Any CPU
		{906DE118-AC37-4203-BD9E-25C67F55AD28}.Debug|x64.ActiveCfg = Debug|Any CPU
		{906DE118-AC37-4203-BD9E-25C67F55AD28}.Debug|x64.Build.0 = Debug|Any CPU
		{906DE118-AC37-4203-BD9E-25C67F55AD28}.Debug|x86.ActiveCfg = Debug|Any CPU
		{906DE118-AC37-4203-BD9E-25C67F55AD28}.Debug|x86.Build.0 = Debug|Any CPU
		{906DE118-AC37-4203-BD9E-25C67F55AD28}.Release|Any CPU.ActiveCfg = Release|Any CPU
		{906DE118-AC37-4203-BD9E-25C67F55AD28}.Release|Any CPU.Build.0 = Release|Any CPU
		{906DE118-AC37-4203-BD9E-25C67F55AD28}.Release|x64.ActiveCfg = Release|Any CPU
		{906DE118-AC37-4203-BD9E-25C67F55AD28}.Release|x64.Build.0 = Release|Any CPU
		{906DE118-AC37-4203-BD9E-25C67F55AD28}.Release|x86.ActiveCfg = Release|Any CPU
		{906DE118-AC37-4203-BD9E-25C67F55AD28}.Release|x86.Build.0 = Release|Any CPU
		{14FA7DDD-0FBB-4505-A928-B518629C1F15}.Debug|Any CPU.ActiveCfg = Debug|Any CPU
		{14FA7DDD-0FBB-4505-A928-B518629C1F15}.Debug|Any CPU.Build.0 = Debug|Any CPU
		{14FA7DDD-0FBB-4505-A928-B518629C1F15}.Debug|x64.ActiveCfg = Debug|Any CPU
		{14FA7DDD-0FBB-4505-A928-B518629C1F15}.Debug|x64.Build.0 = Debug|Any CPU
		{14FA7DDD-0FBB-4505-A928-B518629C1F15}.Debug|x86.ActiveCfg = Debug|Any CPU
		{14FA7DDD-0FBB-4505-A928-B518629C1F15}.Debug|x86.Build.0 = Debug|Any CPU
		{14FA7DDD-0FBB-4505-A928-B518629C1F15}.Release|Any CPU.ActiveCfg = Release|Any CPU
		{14FA7DDD-0FBB-4505-A928-B518629C1F15}.Release|Any CPU.Build.0 = Release|Any CPU
		{14FA7DDD-0FBB-4505-A928-B518629C1F15}.Release|x64.ActiveCfg = Release|Any CPU
		{14FA7DDD-0FBB-4505-A928-B518629C1F15}.Release|x64.Build.0 = Release|Any CPU
		{14FA7DDD-0FBB-4505-A928-B518629C1F15}.Release|x86.ActiveCfg = Release|Any CPU
		{14FA7DDD-0FBB-4505-A928-B518629C1F15}.Release|x86.Build.0 = Release|Any CPU
	EndGlobalSection
	GlobalSection(SolutionProperties) = preSolution
		HideSolutionNode = FALSE
	EndGlobalSection
	GlobalSection(ExtensibilityGlobals) = postSolution
		SolutionGuid = {DA665E32-700B-46D6-94E6-7B779421E298}
	EndGlobalSection
	GlobalSection(NestedProjects) = preSolution
		{9050E98E-E99C-4D0B-9110-2617C65C0B49} = {278C5DCE-D96F-46AC-8865-622418F28A8D}
		{A5391F09-58A5-4E83-9EB1-755B9CEB1812} = {278C5DCE-D96F-46AC-8865-622418F28A8D}
		{2411C763-490C-4384-AD87-AD9643946F55} = {C29CDEE5-5D85-496E-8E43-27A474AF8AEB}
		{382F0F9B-7B6C-439A-96B4-BFCF433FB611} = {278C5DCE-D96F-46AC-8865-622418F28A8D}
		{EE25A330-0FC2-4273-A355-8B8A5FF47851} = {73D0A8B2-6EF0-4C84-9917-08A003FF0013}
		{906DE118-AC37-4203-BD9E-25C67F55AD28} = {73D0A8B2-6EF0-4C84-9917-08A003FF0013}
		{14FA7DDD-0FBB-4505-A928-B518629C1F15} = {C29CDEE5-5D85-496E-8E43-27A474AF8AEB}
	EndGlobalSection
EndGlobal
